
Microsoft Visual Studio Solution File, Format Version 12.00
# Visual Studio Version 16
VisualStudioVersion = 16.0.30517.126
MinimumVisualStudioVersion = 10.0.40219.1
Project("{FAE04EC0-301F-11D3-BF4B-00C04F79EFBC}") = "ConsoleApp1", "ConsoleApp1\ConsoleApp1.csproj", "{37055F67-1E4B-460E-9C3D-CB014F10A199}"
EndProject
Global
	GlobalSection(SolutionConfigurationPlatforms) = preSolution
		Debug|Any CPU = Debug|Any CPU
		Release|Any CPU = Release|Any CPU
	EndGlobalSection
	GlobalSection(ProjectConfigurationPlatforms) = postSolution
		{37055F67-1E4B-460E-9C3D-CB014F10A199}.Debug|Any CPU.ActiveCfg = Debug|Any CPU
		{37055F67-1E4B-460E-9C3D-CB014F10A199}.Debug|Any CPU.Build.0 = Debug|Any CPU
		{37055F67-1E4B-460E-9C3D-CB014F10A199}.Release|Any CPU.ActiveCfg = Release|Any CPU
		{37055F67-1E4B-460E-9C3D-CB014F10A199}.Release|Any CPU.Build.0 = Release|Any CPU
	EndGlobalSection
	GlobalSection(SolutionProperties) = preSolution
		HideSolutionNode = FALSE
	EndGlobalSection
	GlobalSection(ExtensibilityGlobals) = postSolution
		SolutionGuid = {4493B431-7176-4793-874C-F22E8C18E7F1}
	EndGlobalSection
EndGlobal
